Microsoft Visual Studio Solution File, Format Version 12.00
# Visual Studio Version 17
VisualStudioVersion = 17.5.2.0
MinimumVisualStudioVersion = 10.0.40219.1
Project("{FAE04EC0-301F-11D3-BF4B-00C04F79EFBC}") = "attempt.vscode", "attempt.vscode.csproj", "{7CE4E90B-00CE-2D0D-A80D-F76075C90802}"
EndProject
Global
	GlobalSection(SolutionConfigurationPlatforms) = preSolution
		Debug|Any CPU = Debug|Any CPU
		Release|Any CPU = Release|Any CPU
	EndGlobalSection
	GlobalSection(ProjectConfigurationPlatforms) = postSolution
		{7CE4E90B-00CE-2D0D-A80D-F76075C90802}.Debug|Any CPU.ActiveCfg = Debug|Any CPU
		{7CE4E90B-00CE-2D0D-A80D-F76075C90802}.Debug|Any CPU.Build.0 = Debug|Any CPU
		{7CE4E90B-00CE-2D0D-A80D-F76075C90802}.Release|Any CPU.ActiveCfg = Release|Any CPU
		{7CE4E90B-00CE-2D0D-A80D-F76075C90802}.Release|Any CPU.Build.0 = Release|Any CPU
	EndGlobalSection
	GlobalSection(SolutionProperties) = preSolution
		HideSolutionNode = FALSE
	EndGlobalSection
	GlobalSection(ExtensibilityGlobals) = postSolution
		SolutionGuid = {8ECCFD51-78A1-4BE2-ABC1-47A6F7238599}
	EndGlobalSection
EndGlobal
